{
  "name": "ethereum-to-matic",
  "version": "1.0.0",
  "lockfileVersion": 3,
  "requires": true,
  "packages": {
    "": {
      "name": "ethereum-to-matic",
      "version": "1.0.0",
      "license": "ISC",
      "dependencies": {
        "@maticnetwork/meta": "^2.4.59"
      }
    },
    "node_modules/@maticnetwork/meta": {
      "version": "2.4.59",
      "resolved": "https://registry.npmjs.org/@maticnetwork/meta/-/meta-2.4.59.tgz",
      "integrity": "sha512-iXqfSiVupiTGlF3luaOOzHL7ccHaLqS4cNTTwciG4/ycGUkTO6pZ+jPMJw5sQeFcBfpl38TqF261FFd1PhR9zw=="
    }
  }
}
